
Microsoft Visual Studio Solution File, Format Version 12.00
# Visual Studio Version 17
VisualStudioVersion = 17.7.34221.43
MinimumVisualStudioVersion = 10.0.40219.1
Project("{9A19103F-16F7-4668-BE54-9A1E7A4F7556}") = "AnimeShop.WebApp", "AnimeShop.WebApp\AnimeShop.WebApp.csproj", "{C8A04326-FBA4-4969-9613-407775110D61}"
EndProject
Project("{2150E333-8FDC-42A3-9474-1A3956D46DE8}") = "Solution Items", "Solution Items", "{36546A2D-F02F-47BF-90B7-D636422E89AA}"
	ProjectSection(SolutionItems) = preProject
		readme.md = readme.md
	EndProjectSection
EndProject
Project("{FAE04EC0-301F-11D3-BF4B-00C04F79EFBC}") = "AnimeShope.Data", "AnimeShope.Data\AnimeShope.Data.csproj", "{68ECD7D8-27FE-4497-940C-DEF2BD0B01A5}"
EndProject
Project("{FAE04EC0-301F-11D3-BF4B-00C04F79EFBC}") = "AnimeShop.Application", "AnimeShop.Application\AnimeShop.Application.csproj", "{C4BD98BB-AE40-4F49-91AC-493054ACB8DE}"
EndProject
Global
	GlobalSection(SolutionConfigurationPlatforms) = preSolution
		Debug|Any CPU = Debug|Any CPU
		Release|Any CPU = Release|Any CPU
	EndGlobalSection
	GlobalSection(ProjectConfigurationPlatforms) = postSolution
		{C8A04326-FBA4-4969-9613-407775110D61}.Debug|Any CPU.ActiveCfg = Debug|Any CPU
		{C8A04326-FBA4-4969-9613-407775110D61}.Debug|Any CPU.Build.0 = Debug|Any CPU
		{C8A04326-FBA4-4969-9613-407775110D61}.Release|Any CPU.ActiveCfg = Release|Any CPU
		{C8A04326-FBA4-4969-9613-407775110D61}.Release|Any CPU.Build.0 = Release|Any CPU
		{68ECD7D8-27FE-4497-940C-DEF2BD0B01A5}.Debug|Any CPU.ActiveCfg = Debug|Any CPU
		{68ECD7D8-27FE-4497-940C-DEF2BD0B01A5}.Debug|Any CPU.Build.0 = Debug|Any CPU
		{68ECD7D8-27FE-4497-940C-DEF2BD0B01A5}.Release|Any CPU.ActiveCfg = Release|Any CPU
		{68ECD7D8-27FE-4497-940C-DEF2BD0B01A5}.Release|Any CPU.Build.0 = Release|Any CPU
		{C4BD98BB-AE40-4F49-91AC-493054ACB8DE}.Debug|Any CPU.ActiveCfg = Debug|Any CPU
		{C4BD98BB-AE40-4F49-91AC-493054ACB8DE}.Debug|Any CPU.Build.0 = Debug|Any CPU
		{C4BD98BB-AE40-4F49-91AC-493054ACB8DE}.Release|Any CPU.ActiveCfg = Release|Any CPU
		{C4BD98BB-AE40-4F49-91AC-493054ACB8DE}.Release|Any CPU.Build.0 = Release|Any CPU
	EndGlobalSection
	GlobalSection(SolutionProperties) = preSolution
		HideSolutionNode = FALSE
	EndGlobalSection
	GlobalSection(ExtensibilityGlobals) = postSolution
		SolutionGuid = {62DB1609-6D3C-4D3D-B9A0-668F60CB1208}
	EndGlobalSection
EndGlobal
